
Microsoft Visual Studio Solution File, Format Version 11.00
# Visual Studio 2010
Project("{FAE04EC0-301F-11D3-BF4B-00C04F79EFBC}") = "MsTfsDataSync", "MsTfsDataSync\MsTfsDataSync.csproj", "{FFB874CE-3466-4EC4-A565-93A9ED58C75D}"
EndProject
Global
	GlobalSection(SolutionConfigurationPlatforms) = preSolution
		Debug|Any CPU = Debug|Any CPU
		Release|Any CPU = Release|Any CPU
	EndGlobalSection
	GlobalSection(ProjectConfigurationPlatforms) = postSolution
		{FFB874CE-3466-4EC4-A565-93A9ED58C75D}.Debug|Any CPU.ActiveCfg = Debug|Any CPU
		{FFB874CE-3466-4EC4-A565-93A9ED58C75D}.Debug|Any CPU.Build.0 = Debug|Any CPU
		{FFB874CE-3466-4EC4-A565-93A9ED58C75D}.Release|Any CPU.ActiveCfg = Release|Any CPU
		{FFB874CE-3466-4EC4-A565-93A9ED58C75D}.Release|Any CPU.Build.0 = Release|Any CPU
	EndGlobalSection
	GlobalSection(SolutionProperties) = preSolution
		HideSolutionNode = FALSE
	EndGlobalSection
EndGlobal
